<?xml version="1.0" encoding="UTF-8"?>
<Project ToolsVersion="12.0" xmlns="http://schemas.microsoft.com/developer/msbuild/2003">
  <ItemGroup>
    <ClCompile Include="C:\Users\bvt\ivc_driver\src\test\us\windows\ivc-pipe-client-win.c">
      <Filter>Source Files</Filter>
    </ClCompile>
  </ItemGroup>
  <ItemGroup>
    <CustomBuild Include="C:\Users\bvt\ivc_driver\src\test\us\windows\CMakeLists.txt" />
  </ItemGroup>
  <ItemGroup>
    <Filter Include="Source Files">
      <UniqueIdentifier>{F2AA6B0A-4E22-4264-9CCE-F3B462C60E98}</UniqueIdentifier>
    </Filter>
  </ItemGroup>
</Project>
